
Microsoft Visual Studio Solution File, Format Version 12.00
# Visual Studio Version 17
VisualStudioVersion = 17.5.33516.290
MinimumVisualStudioVersion = 10.0.40219.1
Project("{8BC9CEB8-8B4A-11D0-8D11-00A0C91BC942}") = "code_4_25", "code_4_25\code_4_25.vcxproj", "{342844D9-C2DE-4864-8033-323604E075BE}"
EndProject
Global
	GlobalSection(SolutionConfigurationPlatforms) = preSolution
		Debug|x64 = Debug|x64
		Debug|x86 = Debug|x86
		Release|x64 = Release|x64
		Release|x86 = Release|x86
	EndGlobalSection
	GlobalSection(ProjectConfigurationPlatforms) = postSolution
		{342844D9-C2DE-4864-8033-323604E075BE}.Debug|x64.ActiveCfg = Debug|x64
		{342844D9-C2DE-4864-8033-323604E075BE}.Debug|x64.Build.0 = Debug|x64
		{342844D9-C2DE-4864-8033-323604E075BE}.Debug|x86.ActiveCfg = Debug|Win32
		{342844D9-C2DE-4864-8033-323604E075BE}.Debug|x86.Build.0 = Debug|Win32
		{342844D9-C2DE-4864-8033-323604E075BE}.Release|x64.ActiveCfg = Release|x64
		{342844D9-C2DE-4864-8033-323604E075BE}.Release|x64.Build.0 = Release|x64
		{342844D9-C2DE-4864-8033-323604E075BE}.Release|x86.ActiveCfg = Release|Win32
		{342844D9-C2DE-4864-8033-323604E075BE}.Release|x86.Build.0 = Release|Win32
	EndGlobalSection
	GlobalSection(SolutionProperties) = preSolution
		HideSolutionNode = FALSE
	EndGlobalSection
	GlobalSection(ExtensibilityGlobals) = postSolution
		SolutionGuid = {7D110C70-C674-4FA9-9775-104267DA2EAD}
	EndGlobalSection
EndGlobal
