
Microsoft Visual Studio Solution File, Format Version 12.00
# Visual Studio Version 17
VisualStudioVersion = 17.5.33516.290
MinimumVisualStudioVersion = 10.0.40219.1
Project("{8BC9CEB8-8B4A-11D0-8D11-00A0C91BC942}") = "code_6_2", "code_6_2\code_6_2.vcxproj", "{BCF91492-F81B-47AD-B838-843AE8C0DA47}"
EndProject
Global
	GlobalSection(SolutionConfigurationPlatforms) = preSolution
		Debug|x64 = Debug|x64
		Debug|x86 = Debug|x86
		Release|x64 = Release|x64
		Release|x86 = Release|x86
	EndGlobalSection
	GlobalSection(ProjectConfigurationPlatforms) = postSolution
		{BCF91492-F81B-47AD-B838-843AE8C0DA47}.Debug|x64.ActiveCfg = Debug|x64
		{BCF91492-F81B-47AD-B838-843AE8C0DA47}.Debug|x64.Build.0 = Debug|x64
		{BCF91492-F81B-47AD-B838-843AE8C0DA47}.Debug|x86.ActiveCfg = Debug|Win32
		{BCF91492-F81B-47AD-B838-843AE8C0DA47}.Debug|x86.Build.0 = Debug|Win32
		{BCF91492-F81B-47AD-B838-843AE8C0DA47}.Release|x64.ActiveCfg = Release|x64
		{BCF91492-F81B-47AD-B838-843AE8C0DA47}.Release|x64.Build.0 = Release|x64
		{BCF91492-F81B-47AD-B838-843AE8C0DA47}.Release|x86.ActiveCfg = Release|Win32
		{BCF91492-F81B-47AD-B838-843AE8C0DA47}.Release|x86.Build.0 = Release|Win32
	EndGlobalSection
	GlobalSection(SolutionProperties) = preSolution
		HideSolutionNode = FALSE
	EndGlobalSection
	GlobalSection(ExtensibilityGlobals) = postSolution
		SolutionGuid = {946BA80E-D21D-419E-8E32-C3AE0BF6815C}
	EndGlobalSection
EndGlobal
